
Microsoft Visual Studio Solution File, Format Version 12.00
# Visual Studio Version 17
VisualStudioVersion = 17.10.34928.147
MinimumVisualStudioVersion = 10.0.40219.1
Project("{FAE04EC0-301F-11D3-BF4B-00C04F79EFBC}") = "InterfaceSegregationPrinciple", "InterfaceSegregationPrinciple\InterfaceSegregationPrinciple.csproj", "{AD917E43-4D6A-4800-B57C-1E7B9FBB4182}"
EndProject
Global
	GlobalSection(SolutionConfigurationPlatforms) = preSolution
		Debug|Any CPU = Debug|Any CPU
		Release|Any CPU = Release|Any CPU
	EndGlobalSection
	GlobalSection(ProjectConfigurationPlatforms) = postSolution
		{AD917E43-4D6A-4800-B57C-1E7B9FBB4182}.Debug|Any CPU.ActiveCfg = Debug|Any CPU
		{AD917E43-4D6A-4800-B57C-1E7B9FBB4182}.Debug|Any CPU.Build.0 = Debug|Any CPU
		{AD917E43-4D6A-4800-B57C-1E7B9FBB4182}.Release|Any CPU.ActiveCfg = Release|Any CPU
		{AD917E43-4D6A-4800-B57C-1E7B9FBB4182}.Release|Any CPU.Build.0 = Release|Any CPU
	EndGlobalSection
	GlobalSection(SolutionProperties) = preSolution
		HideSolutionNode = FALSE
	EndGlobalSection
	GlobalSection(ExtensibilityGlobals) = postSolution
		SolutionGuid = {D580B71F-D74F-414E-A62C-A0CA944AC4FC}
	EndGlobalSection
EndGlobal
